
Microsoft Visual Studio Solution File, Format Version 12.00
# Visual Studio Version 17
VisualStudioVersion = 17.13.35931.197 d17.13
MinimumVisualStudioVersion = 10.0.40219.1
Project("{FAE04EC0-301F-11D3-BF4B-00C04F79EFBC}") = "PlaceholderConcatenacaoInterpolacao", "PlaceholderConcatenacaoInterpolacao\PlaceholderConcatenacaoInterpolacao.csproj", "{96AD3EB8-C903-4BB7-80AF-8131A4035411}"
EndProject
Global
	GlobalSection(SolutionConfigurationPlatforms) = preSolution
		Debug|Any CPU = Debug|Any CPU
		Release|Any CPU = Release|Any CPU
	EndGlobalSection
	GlobalSection(ProjectConfigurationPlatforms) = postSolution
		{96AD3EB8-C903-4BB7-80AF-8131A4035411}.Debug|Any CPU.ActiveCfg = Debug|Any CPU
		{96AD3EB8-C903-4BB7-80AF-8131A4035411}.Debug|Any CPU.Build.0 = Debug|Any CPU
		{96AD3EB8-C903-4BB7-80AF-8131A4035411}.Release|Any CPU.ActiveCfg = Release|Any CPU
		{96AD3EB8-C903-4BB7-80AF-8131A4035411}.Release|Any CPU.Build.0 = Release|Any CPU
	EndGlobalSection
	GlobalSection(SolutionProperties) = preSolution
		HideSolutionNode = FALSE
	EndGlobalSection
	GlobalSection(ExtensibilityGlobals) = postSolution
		SolutionGuid = {965AC75C-9783-4AEB-B76D-1DCDF4EF5158}
	EndGlobalSection
EndGlobal
