
Microsoft Visual Studio Solution File, Format Version 12.00
# Visual Studio Version 17
VisualStudioVersion = 17.13.35931.197 d17.13
MinimumVisualStudioVersion = 10.0.40219.1
Project("{FAE04EC0-301F-11D3-BF4B-00C04F79EFBC}") = "DemoLinq", "DemoLinq\DemoLinq.csproj", "{40116FC7-45DF-428F-BFCB-E06C4DBC7C7F}"
EndProject
Global
	GlobalSection(SolutionConfigurationPlatforms) = preSolution
		Debug|Any CPU = Debug|Any CPU
		Release|Any CPU = Release|Any CPU
	EndGlobalSection
	GlobalSection(ProjectConfigurationPlatforms) = postSolution
		{40116FC7-45DF-428F-BFCB-E06C4DBC7C7F}.Debug|Any CPU.ActiveCfg = Debug|Any CPU
		{40116FC7-45DF-428F-BFCB-E06C4DBC7C7F}.Debug|Any CPU.Build.0 = Debug|Any CPU
		{40116FC7-45DF-428F-BFCB-E06C4DBC7C7F}.Release|Any CPU.ActiveCfg = Release|Any CPU
		{40116FC7-45DF-428F-BFCB-E06C4DBC7C7F}.Release|Any CPU.Build.0 = Release|Any CPU
	EndGlobalSection
	GlobalSection(SolutionProperties) = preSolution
		HideSolutionNode = FALSE
	EndGlobalSection
	GlobalSection(ExtensibilityGlobals) = postSolution
		SolutionGuid = {4ED41775-400E-471C-828E-EA7265F9EB7E}
	EndGlobalSection
EndGlobal
