
Microsoft Visual Studio Solution File, Format Version 12.00
# Visual Studio Version 17
VisualStudioVersion = 17.13.35931.197 d17.13
MinimumVisualStudioVersion = 10.0.40219.1
Project("{FAE04EC0-301F-11D3-BF4B-00C04F79EFBC}") = "FuncaoEstatica", "FuncaoEstatica\FuncaoEstatica.csproj", "{C6A22EB3-CF6A-4B1C-8F62-05B12E43DC45}"
EndProject
Global
	GlobalSection(SolutionConfigurationPlatforms) = preSolution
		Debug|Any CPU = Debug|Any CPU
		Release|Any CPU = Release|Any CPU
	EndGlobalSection
	GlobalSection(ProjectConfigurationPlatforms) = postSolution
		{C6A22EB3-CF6A-4B1C-8F62-05B12E43DC45}.Debug|Any CPU.ActiveCfg = Debug|Any CPU
		{C6A22EB3-CF6A-4B1C-8F62-05B12E43DC45}.Debug|Any CPU.Build.0 = Debug|Any CPU
		{C6A22EB3-CF6A-4B1C-8F62-05B12E43DC45}.Release|Any CPU.ActiveCfg = Release|Any CPU
		{C6A22EB3-CF6A-4B1C-8F62-05B12E43DC45}.Release|Any CPU.Build.0 = Release|Any CPU
	EndGlobalSection
	GlobalSection(SolutionProperties) = preSolution
		HideSolutionNode = FALSE
	EndGlobalSection
	GlobalSection(ExtensibilityGlobals) = postSolution
		SolutionGuid = {667D80BF-F90D-4124-914D-8F41FE96E387}
	EndGlobalSection
EndGlobal
