
Microsoft Visual Studio Solution File, Format Version 12.00
# Visual Studio Version 17
VisualStudioVersion = 17.13.35931.197 d17.13
MinimumVisualStudioVersion = 10.0.40219.1
Project("{FAE04EC0-301F-11D3-BF4B-00C04F79EFBC}") = "FormatacaoDeData", "FormatacaoDeData\FormatacaoDeData.csproj", "{E056D212-4C31-4E68-9CE8-B7775B00444F}"
EndProject
Global
	GlobalSection(SolutionConfigurationPlatforms) = preSolution
		Debug|Any CPU = Debug|Any CPU
		Release|Any CPU = Release|Any CPU
	EndGlobalSection
	GlobalSection(ProjectConfigurationPlatforms) = postSolution
		{E056D212-4C31-4E68-9CE8-B7775B00444F}.Debug|Any CPU.ActiveCfg = Debug|Any CPU
		{E056D212-4C31-4E68-9CE8-B7775B00444F}.Debug|Any CPU.Build.0 = Debug|Any CPU
		{E056D212-4C31-4E68-9CE8-B7775B00444F}.Release|Any CPU.ActiveCfg = Release|Any CPU
		{E056D212-4C31-4E68-9CE8-B7775B00444F}.Release|Any CPU.Build.0 = Release|Any CPU
	EndGlobalSection
	GlobalSection(SolutionProperties) = preSolution
		HideSolutionNode = FALSE
	EndGlobalSection
	GlobalSection(ExtensibilityGlobals) = postSolution
		SolutionGuid = {CA5EBF20-889C-49C3-A1A0-14FD5528E7B0}
	EndGlobalSection
EndGlobal
