
Microsoft Visual Studio Solution File, Format Version 12.00
# Visual Studio Version 17
VisualStudioVersion = 17.13.35931.197 d17.13
MinimumVisualStudioVersion = 10.0.40219.1
Project("{FAE04EC0-301F-11D3-BF4B-00C04F79EFBC}") = "Conjuntos", "Conjuntos\Conjuntos.csproj", "{BF3EBC19-BBE7-4D57-B3C5-FAE186BDC15E}"
EndProject
Global
	GlobalSection(SolutionConfigurationPlatforms) = preSolution
		Debug|Any CPU = Debug|Any CPU
		Release|Any CPU = Release|Any CPU
	EndGlobalSection
	GlobalSection(ProjectConfigurationPlatforms) = postSolution
		{BF3EBC19-BBE7-4D57-B3C5-FAE186BDC15E}.Debug|Any CPU.ActiveCfg = Debug|Any CPU
		{BF3EBC19-BBE7-4D57-B3C5-FAE186BDC15E}.Debug|Any CPU.Build.0 = Debug|Any CPU
		{BF3EBC19-BBE7-4D57-B3C5-FAE186BDC15E}.Release|Any CPU.ActiveCfg = Release|Any CPU
		{BF3EBC19-BBE7-4D57-B3C5-FAE186BDC15E}.Release|Any CPU.Build.0 = Release|Any CPU
	EndGlobalSection
	GlobalSection(SolutionProperties) = preSolution
		HideSolutionNode = FALSE
	EndGlobalSection
	GlobalSection(ExtensibilityGlobals) = postSolution
		SolutionGuid = {294A74DA-FB18-4AAD-994D-AD16630DCDCF}
	EndGlobalSection
EndGlobal
