
Microsoft Visual Studio Solution File, Format Version 12.00
# Visual Studio Version 17
VisualStudioVersion = 17.13.35931.197 d17.13
MinimumVisualStudioVersion = 10.0.40219.1
Project("{FAE04EC0-301F-11D3-BF4B-00C04F79EFBC}") = "While", "While\While.csproj", "{CE56813E-2949-4326-A4D0-DD70065AD9FF}"
EndProject
Global
	GlobalSection(SolutionConfigurationPlatforms) = preSolution
		Debug|Any CPU = Debug|Any CPU
		Release|Any CPU = Release|Any CPU
	EndGlobalSection
	GlobalSection(ProjectConfigurationPlatforms) = postSolution
		{CE56813E-2949-4326-A4D0-DD70065AD9FF}.Debug|Any CPU.ActiveCfg = Debug|Any CPU
		{CE56813E-2949-4326-A4D0-DD70065AD9FF}.Debug|Any CPU.Build.0 = Debug|Any CPU
		{CE56813E-2949-4326-A4D0-DD70065AD9FF}.Release|Any CPU.ActiveCfg = Release|Any CPU
		{CE56813E-2949-4326-A4D0-DD70065AD9FF}.Release|Any CPU.Build.0 = Release|Any CPU
	EndGlobalSection
	GlobalSection(SolutionProperties) = preSolution
		HideSolutionNode = FALSE
	EndGlobalSection
	GlobalSection(ExtensibilityGlobals) = postSolution
		SolutionGuid = {2546A3AF-46D7-4784-9A67-E089C3F7264A}
	EndGlobalSection
EndGlobal
