
Microsoft Visual Studio Solution File, Format Version 12.00
# Visual Studio Version 17
VisualStudioVersion = 17.13.35931.197 d17.13
MinimumVisualStudioVersion = 10.0.40219.1
Project("{FAE04EC0-301F-11D3-BF4B-00C04F79EFBC}") = "Convencao", "Convencao\Convencao.csproj", "{AF8E075F-88A1-48CB-AFC7-AD3CBC7B3A16}"
EndProject
Global
	GlobalSection(SolutionConfigurationPlatforms) = preSolution
		Debug|Any CPU = Debug|Any CPU
		Release|Any CPU = Release|Any CPU
	EndGlobalSection
	GlobalSection(ProjectConfigurationPlatforms) = postSolution
		{AF8E075F-88A1-48CB-AFC7-AD3CBC7B3A16}.Debug|Any CPU.ActiveCfg = Debug|Any CPU
		{AF8E075F-88A1-48CB-AFC7-AD3CBC7B3A16}.Debug|Any CPU.Build.0 = Debug|Any CPU
		{AF8E075F-88A1-48CB-AFC7-AD3CBC7B3A16}.Release|Any CPU.ActiveCfg = Release|Any CPU
		{AF8E075F-88A1-48CB-AFC7-AD3CBC7B3A16}.Release|Any CPU.Build.0 = Release|Any CPU
	EndGlobalSection
	GlobalSection(SolutionProperties) = preSolution
		HideSolutionNode = FALSE
	EndGlobalSection
	GlobalSection(ExtensibilityGlobals) = postSolution
		SolutionGuid = {7D0BCC56-2E60-46E6-B8D1-D5B144204BA8}
	EndGlobalSection
EndGlobal
