
Microsoft Visual Studio Solution File, Format Version 12.00
# Visual Studio Version 17
VisualStudioVersion = 17.13.35931.197 d17.13
MinimumVisualStudioVersion = 10.0.40219.1
Project("{FAE04EC0-301F-11D3-BF4B-00C04F79EFBC}") = "StreamWriter", "StreamWriter\StreamWriter.csproj", "{F3298813-76D3-4056-B205-B4C87F2A052D}"
EndProject
Global
	GlobalSection(SolutionConfigurationPlatforms) = preSolution
		Debug|Any CPU = Debug|Any CPU
		Release|Any CPU = Release|Any CPU
	EndGlobalSection
	GlobalSection(ProjectConfigurationPlatforms) = postSolution
		{F3298813-76D3-4056-B205-B4C87F2A052D}.Debug|Any CPU.ActiveCfg = Debug|Any CPU
		{F3298813-76D3-4056-B205-B4C87F2A052D}.Debug|Any CPU.Build.0 = Debug|Any CPU
		{F3298813-76D3-4056-B205-B4C87F2A052D}.Release|Any CPU.ActiveCfg = Release|Any CPU
		{F3298813-76D3-4056-B205-B4C87F2A052D}.Release|Any CPU.Build.0 = Release|Any CPU
	EndGlobalSection
	GlobalSection(SolutionProperties) = preSolution
		HideSolutionNode = FALSE
	EndGlobalSection
	GlobalSection(ExtensibilityGlobals) = postSolution
		SolutionGuid = {E4F7C7FC-95BF-4DE8-AF3A-3DFD86FDDFFB}
	EndGlobalSection
EndGlobal
