
Microsoft Visual Studio Solution File, Format Version 12.00
# Visual Studio Version 17
VisualStudioVersion = 17.13.35931.197 d17.13
MinimumVisualStudioVersion = 10.0.40219.1
Project("{FAE04EC0-301F-11D3-BF4B-00C04F79EFBC}") = "TestLambda", "TestLambda\TestLambda.csproj", "{37442463-B189-44AB-A1E0-FD4615642D24}"
EndProject
Global
	GlobalSection(SolutionConfigurationPlatforms) = preSolution
		Debug|Any CPU = Debug|Any CPU
		Release|Any CPU = Release|Any CPU
	EndGlobalSection
	GlobalSection(ProjectConfigurationPlatforms) = postSolution
		{37442463-B189-44AB-A1E0-FD4615642D24}.Debug|Any CPU.ActiveCfg = Debug|Any CPU
		{37442463-B189-44AB-A1E0-FD4615642D24}.Debug|Any CPU.Build.0 = Debug|Any CPU
		{37442463-B189-44AB-A1E0-FD4615642D24}.Release|Any CPU.ActiveCfg = Release|Any CPU
		{37442463-B189-44AB-A1E0-FD4615642D24}.Release|Any CPU.Build.0 = Release|Any CPU
	EndGlobalSection
	GlobalSection(SolutionProperties) = preSolution
		HideSolutionNode = FALSE
	EndGlobalSection
	GlobalSection(ExtensibilityGlobals) = postSolution
		SolutionGuid = {173E99BC-E10B-4BA5-9398-E8958D16044E}
	EndGlobalSection
EndGlobal
