
Microsoft Visual Studio Solution File, Format Version 12.00
# Visual Studio Version 17
VisualStudioVersion = 17.13.35931.197 d17.13
MinimumVisualStudioVersion = 10.0.40219.1
Project("{FAE04EC0-301F-11D3-BF4B-00C04F79EFBC}") = "Matrizes", "Matrizes\Matrizes.csproj", "{352F22F4-476A-4282-B1C1-D438E8BE64F1}"
EndProject
Global
	GlobalSection(SolutionConfigurationPlatforms) = preSolution
		Debug|Any CPU = Debug|Any CPU
		Release|Any CPU = Release|Any CPU
	EndGlobalSection
	GlobalSection(ProjectConfigurationPlatforms) = postSolution
		{352F22F4-476A-4282-B1C1-D438E8BE64F1}.Debug|Any CPU.ActiveCfg = Debug|Any CPU
		{352F22F4-476A-4282-B1C1-D438E8BE64F1}.Debug|Any CPU.Build.0 = Debug|Any CPU
		{352F22F4-476A-4282-B1C1-D438E8BE64F1}.Release|Any CPU.ActiveCfg = Release|Any CPU
		{352F22F4-476A-4282-B1C1-D438E8BE64F1}.Release|Any CPU.Build.0 = Release|Any CPU
	EndGlobalSection
	GlobalSection(SolutionProperties) = preSolution
		HideSolutionNode = FALSE
	EndGlobalSection
	GlobalSection(ExtensibilityGlobals) = postSolution
		SolutionGuid = {133C78B0-D040-4088-9168-6B5D500E1454}
	EndGlobalSection
EndGlobal
