
Microsoft Visual Studio Solution File, Format Version 12.00
# Visual Studio Version 17
VisualStudioVersion = 17.13.35931.197 d17.13
MinimumVisualStudioVersion = 10.0.40219.1
Project("{FAE04EC0-301F-11D3-BF4B-00C04F79EFBC}") = "ConstrutorThis", "ConstrutorThis\ConstrutorThis.csproj", "{0976F833-1474-4C32-8182-75FD9360FC4C}"
EndProject
Global
	GlobalSection(SolutionConfigurationPlatforms) = preSolution
		Debug|Any CPU = Debug|Any CPU
		Release|Any CPU = Release|Any CPU
	EndGlobalSection
	GlobalSection(ProjectConfigurationPlatforms) = postSolution
		{0976F833-1474-4C32-8182-75FD9360FC4C}.Debug|Any CPU.ActiveCfg = Debug|Any CPU
		{0976F833-1474-4C32-8182-75FD9360FC4C}.Debug|Any CPU.Build.0 = Debug|Any CPU
		{0976F833-1474-4C32-8182-75FD9360FC4C}.Release|Any CPU.ActiveCfg = Release|Any CPU
		{0976F833-1474-4C32-8182-75FD9360FC4C}.Release|Any CPU.Build.0 = Release|Any CPU
	EndGlobalSection
	GlobalSection(SolutionProperties) = preSolution
		HideSolutionNode = FALSE
	EndGlobalSection
	GlobalSection(ExtensibilityGlobals) = postSolution
		SolutionGuid = {8D527754-3403-4C3B-A646-CE98D8372C98}
	EndGlobalSection
EndGlobal
